
Microsoft Visual Studio Solution File, Format Version 11.00
# Visual Studio 2010
Project("{FAE04EC0-301F-11D3-BF4B-00C04F79EFBC}") = "TernarySearchTree", "TernarySearchTree\TernarySearchTree.csproj", "{10A95D34-D88F-4729-BB48-F34B2DE35331}"
EndProject
Global
	GlobalSection(SolutionConfigurationPlatforms) = preSolution
		Debug|x86 = Debug|x86
		Release|x86 = Release|x86
	EndGlobalSection
	GlobalSection(ProjectConfigurationPlatforms) = postSolution
		{10A95D34-D88F-4729-BB48-F34B2DE35331}.Debug|x86.ActiveCfg = Debug|x86
		{10A95D34-D88F-4729-BB48-F34B2DE35331}.Debug|x86.Build.0 = Debug|x86
		{10A95D34-D88F-4729-BB48-F34B2DE35331}.Release|x86.ActiveCfg = Release|x86
		{10A95D34-D88F-4729-BB48-F34B2DE35331}.Release|x86.Build.0 = Release|x86
	EndGlobalSection
	GlobalSection(SolutionProperties) = preSolution
		HideSolutionNode = FALSE
	EndGlobalSection
EndGlobal
