
Microsoft Visual Studio Solution File, Format Version 12.00
# Visual Studio 2013
VisualStudioVersion = 12.0.21005.1
MinimumVisualStudioVersion = 10.0.40219.1
Project("{2150E333-8FDC-42A3-9474-1A3956D46DE8}") = "Solution Items", "Solution Items", "{0CCAD4F7-64A4-4DC3-811D-61B69C446CA7}"
	ProjectSection(SolutionItems) = preProject
		Local.testsettings = Local.testsettings
		TernaryTree.vsmdi = TernaryTree.vsmdi
		TraceAndTestImpact.testsettings = TraceAndTestImpact.testsettings
	EndProjectSection
EndProject
Project("{FAE04EC0-301F-11D3-BF4B-00C04F79EFBC}") = "TernarySearchTree", "TernarySearchTree\TernarySearchTree.csproj", "{10A95D34-D88F-4729-BB48-F34B2DE35331}"
EndProject
Project("{FAE04EC0-301F-11D3-BF4B-00C04F79EFBC}") = "TernarySearchTreeTests", "TernarySearchTreeTests\TernarySearchTreeTests.csproj", "{65E8CB5C-8FE9-4DCA-BAAF-9D3981343A7F}"
EndProject
Project("{FAE04EC0-301F-11D3-BF4B-00C04F79EFBC}") = "TerenarySearchTestApp", "TerenarySearchTestApp\TerenarySearchTestApp.csproj", "{5D409B90-96C6-48FD-A4EE-1E9BD7CE82E0}"
EndProject
Project("{FAE04EC0-301F-11D3-BF4B-00C04F79EFBC}") = "WebSearchTest", "WebSearchTest\WebSearchTest.csproj", "{D134CDA8-D5AC-46E7-8584-9A5795B69FE5}"
EndProject
Global
	GlobalSection(SolutionConfigurationPlatforms) = preSolution
		Debug|Any CPU = Debug|Any CPU
		Debug|Mixed Platforms = Debug|Mixed Platforms
		Debug|x86 = Debug|x86
		Release|Any CPU = Release|Any CPU
		Release|Mixed Platforms = Release|Mixed Platforms
		Release|x86 = Release|x86
	EndGlobalSection
	GlobalSection(ProjectConfigurationPlatforms) = postSolution
		{10A95D34-D88F-4729-BB48-F34B2DE35331}.Debug|Any CPU.ActiveCfg = Debug|x86
		{10A95D34-D88F-4729-BB48-F34B2DE35331}.Debug|Mixed Platforms.ActiveCfg = Debug|x86
		{10A95D34-D88F-4729-BB48-F34B2DE35331}.Debug|Mixed Platforms.Build.0 = Debug|x86
		{10A95D34-D88F-4729-BB48-F34B2DE35331}.Debug|x86.ActiveCfg = Debug|x86
		{10A95D34-D88F-4729-BB48-F34B2DE35331}.Debug|x86.Build.0 = Debug|x86
		{10A95D34-D88F-4729-BB48-F34B2DE35331}.Release|Any CPU.ActiveCfg = Release|x86
		{10A95D34-D88F-4729-BB48-F34B2DE35331}.Release|Mixed Platforms.ActiveCfg = Release|x86
		{10A95D34-D88F-4729-BB48-F34B2DE35331}.Release|Mixed Platforms.Build.0 = Release|x86
		{10A95D34-D88F-4729-BB48-F34B2DE35331}.Release|x86.ActiveCfg = Release|x86
		{10A95D34-D88F-4729-BB48-F34B2DE35331}.Release|x86.Build.0 = Release|x86
		{65E8CB5C-8FE9-4DCA-BAAF-9D3981343A7F}.Debug|Any CPU.ActiveCfg = Debug|Any CPU
		{65E8CB5C-8FE9-4DCA-BAAF-9D3981343A7F}.Debug|Any CPU.Build.0 = Debug|Any CPU
		{65E8CB5C-8FE9-4DCA-BAAF-9D3981343A7F}.Debug|Mixed Platforms.ActiveCfg = Debug|Any CPU
		{65E8CB5C-8FE9-4DCA-BAAF-9D3981343A7F}.Debug|Mixed Platforms.Build.0 = Debug|Any CPU
		{65E8CB5C-8FE9-4DCA-BAAF-9D3981343A7F}.Debug|x86.ActiveCfg = Debug|Any CPU
		{65E8CB5C-8FE9-4DCA-BAAF-9D3981343A7F}.Release|Any CPU.ActiveCfg = Release|Any CPU
		{65E8CB5C-8FE9-4DCA-BAAF-9D3981343A7F}.Release|Any CPU.Build.0 = Release|Any CPU
		{65E8CB5C-8FE9-4DCA-BAAF-9D3981343A7F}.Release|Mixed Platforms.ActiveCfg = Release|Any CPU
		{65E8CB5C-8FE9-4DCA-BAAF-9D3981343A7F}.Release|Mixed Platforms.Build.0 = Release|Any CPU
		{65E8CB5C-8FE9-4DCA-BAAF-9D3981343A7F}.Release|x86.ActiveCfg = Release|Any CPU
		{5D409B90-96C6-48FD-A4EE-1E9BD7CE82E0}.Debug|Any CPU.ActiveCfg = Debug|x86
		{5D409B90-96C6-48FD-A4EE-1E9BD7CE82E0}.Debug|Mixed Platforms.ActiveCfg = Debug|x86
		{5D409B90-96C6-48FD-A4EE-1E9BD7CE82E0}.Debug|Mixed Platforms.Build.0 = Debug|x86
		{5D409B90-96C6-48FD-A4EE-1E9BD7CE82E0}.Debug|x86.ActiveCfg = Debug|x86
		{5D409B90-96C6-48FD-A4EE-1E9BD7CE82E0}.Debug|x86.Build.0 = Debug|x86
		{5D409B90-96C6-48FD-A4EE-1E9BD7CE82E0}.Release|Any CPU.ActiveCfg = Release|x86
		{5D409B90-96C6-48FD-A4EE-1E9BD7CE82E0}.Release|Mixed Platforms.ActiveCfg = Release|x86
		{5D409B90-96C6-48FD-A4EE-1E9BD7CE82E0}.Release|Mixed Platforms.Build.0 = Release|x86
		{5D409B90-96C6-48FD-A4EE-1E9BD7CE82E0}.Release|x86.ActiveCfg = Release|x86
		{5D409B90-96C6-48FD-A4EE-1E9BD7CE82E0}.Release|x86.Build.0 = Release|x86
		{D134CDA8-D5AC-46E7-8584-9A5795B69FE5}.Debug|Any CPU.ActiveCfg = Debug|Any CPU
		{D134CDA8-D5AC-46E7-8584-9A5795B69FE5}.Debug|Any CPU.Build.0 = Debug|Any CPU
		{D134CDA8-D5AC-46E7-8584-9A5795B69FE5}.Debug|Mixed Platforms.ActiveCfg = Debug|Any CPU
		{D134CDA8-D5AC-46E7-8584-9A5795B69FE5}.Debug|Mixed Platforms.Build.0 = Debug|Any CPU
		{D134CDA8-D5AC-46E7-8584-9A5795B69FE5}.Debug|x86.ActiveCfg = Debug|Any CPU
		{D134CDA8-D5AC-46E7-8584-9A5795B69FE5}.Release|Any CPU.ActiveCfg = Release|Any CPU
		{D134CDA8-D5AC-46E7-8584-9A5795B69FE5}.Release|Any CPU.Build.0 = Release|Any CPU
		{D134CDA8-D5AC-46E7-8584-9A5795B69FE5}.Release|Mixed Platforms.ActiveCfg = Release|Any CPU
		{D134CDA8-D5AC-46E7-8584-9A5795B69FE5}.Release|Mixed Platforms.Build.0 = Release|Any CPU
		{D134CDA8-D5AC-46E7-8584-9A5795B69FE5}.Release|x86.ActiveCfg = Release|Any CPU
	EndGlobalSection
	GlobalSection(SolutionProperties) = preSolution
		HideSolutionNode = FALSE
	EndGlobalSection
	GlobalSection(TestCaseManagementSettings) = postSolution
		CategoryFile = TernaryTree.vsmdi
	EndGlobalSection
EndGlobal
